
Microsoft Visual Studio Solution File, Format Version 12.00
# Visual Studio Version 17
VisualStudioVersion = 17.3.32901.215
MinimumVisualStudioVersion = 10.0.40219.1
Project("{FAE04EC0-301F-11D3-BF4B-00C04F79EFBC}") = "FlareTest.ResultImage", "FlareTest.ResultImage\FlareTest.ResultImage.csproj", "{9B31DC11-9978-4F71-9386-85C74A5E8075}"
EndProject
Global
	GlobalSection(SolutionConfigurationPlatforms) = preSolution
		Debug|Any CPU = Debug|Any CPU
		Release|Any CPU = Release|Any CPU
	EndGlobalSection
	GlobalSection(ProjectConfigurationPlatforms) = postSolution
		{9B31DC11-9978-4F71-9386-85C74A5E8075}.Debug|Any CPU.ActiveCfg = Debug|Any CPU
		{9B31DC11-9978-4F71-9386-85C74A5E8075}.Debug|Any CPU.Build.0 = Debug|Any CPU
		{9B31DC11-9978-4F71-9386-85C74A5E8075}.Release|Any CPU.ActiveCfg = Release|Any CPU
		{9B31DC11-9978-4F71-9386-85C74A5E8075}.Release|Any CPU.Build.0 = Release|Any CPU
	EndGlobalSection
	GlobalSection(SolutionProperties) = preSolution
		HideSolutionNode = FALSE
	EndGlobalSection
	GlobalSection(ExtensibilityGlobals) = postSolution
		SolutionGuid = {A0B34447-A49C-4A15-BB8B-E5C3ABF4C7FE}
	EndGlobalSection
EndGlobal
